
Microsoft Visual Studio Solution File, Format Version 12.00
Project("{FAE04EC0-301F-11D3-BF4B-00C04F79EFBC}") = "TimeCapsuleX.Common.Core", "Common\TimeCapsuleX.Common.Core\TimeCapsuleX.Common.Core.csproj", "{FAEAF1BB-1854-4F77-809C-72ACA9F11EC0}"
EndProject
Project("{FAE04EC0-301F-11D3-BF4B-00C04F79EFBC}") = "TimeCapsuleX.TimeBased.Core", "TimeBased\TimeCapsuleX.TimeBased.Core\TimeCapsuleX.TimeBased.Core.csproj", "{A7B42D18-0E44-43BB-AF6D-56FD4E6DCA5D}"
EndProject
Project("{2150E333-8FDC-42A3-9474-1A3956D46DE8}") = "Common", "Common", "{20B53A5D-B3FA-4B0E-BC82-B73A128F4F16}"
EndProject
Project("{2150E333-8FDC-42A3-9474-1A3956D46DE8}") = "TimeBased", "TimeBased", "{E6A5E82F-3ADF-4289-8412-2D091BA5B436}"
EndProject
Project("{FAE04EC0-301F-11D3-BF4B-00C04F79EFBC}") = "TimeCapsuleX.Common.Core.UnitTests", "Common\Tests\TimeCapsuleX.Common.Core.UnitTests\TimeCapsuleX.Common.Core.UnitTests.csproj", "{CFF4EBC8-5A3E-4B8E-A82C-20238235B2E1}"
EndProject
Project("{2150E333-8FDC-42A3-9474-1A3956D46DE8}") = "Tests", "Tests", "{42665DB0-AA24-4198-A6DC-55ED587A5178}"
EndProject
Project("{2150E333-8FDC-42A3-9474-1A3956D46DE8}") = "Tests", "Tests", "{F15E8130-08D1-493A-95E6-70C91CF492AA}"
EndProject
Project("{FAE04EC0-301F-11D3-BF4B-00C04F79EFBC}") = "TimeCapsuleX.TimeBased.Core.UnitTests", "TimeBased\Tests\TimeCapsuleX.TimeBased.Core.UnitTests\TimeCapsuleX.TimeBased.Core.UnitTests.csproj", "{643B4582-3E88-4297-8BB8-C7BEB6D532D1}"
EndProject
Project("{FAE04EC0-301F-11D3-BF4B-00C04F79EFBC}") = "TimeCapsuleX.Common.Infrastructure", "Common\TimeCapsuleX.Common.Infrastructure\TimeCapsuleX.Common.Infrastructure.csproj", "{EDB372D1-B08D-453A-9C77-5E5D02B331C7}"
EndProject
Global
	GlobalSection(SolutionConfigurationPlatforms) = preSolution
		Debug|Any CPU = Debug|Any CPU
		Release|Any CPU = Release|Any CPU
	EndGlobalSection
	GlobalSection(ProjectConfigurationPlatforms) = postSolution
		{FAEAF1BB-1854-4F77-809C-72ACA9F11EC0}.Debug|Any CPU.ActiveCfg = Debug|Any CPU
		{FAEAF1BB-1854-4F77-809C-72ACA9F11EC0}.Debug|Any CPU.Build.0 = Debug|Any CPU
		{FAEAF1BB-1854-4F77-809C-72ACA9F11EC0}.Release|Any CPU.ActiveCfg = Release|Any CPU
		{FAEAF1BB-1854-4F77-809C-72ACA9F11EC0}.Release|Any CPU.Build.0 = Release|Any CPU
		{A7B42D18-0E44-43BB-AF6D-56FD4E6DCA5D}.Debug|Any CPU.ActiveCfg = Debug|Any CPU
		{A7B42D18-0E44-43BB-AF6D-56FD4E6DCA5D}.Debug|Any CPU.Build.0 = Debug|Any CPU
		{A7B42D18-0E44-43BB-AF6D-56FD4E6DCA5D}.Release|Any CPU.ActiveCfg = Release|Any CPU
		{A7B42D18-0E44-43BB-AF6D-56FD4E6DCA5D}.Release|Any CPU.Build.0 = Release|Any CPU
		{CFF4EBC8-5A3E-4B8E-A82C-20238235B2E1}.Debug|Any CPU.ActiveCfg = Debug|Any CPU
		{CFF4EBC8-5A3E-4B8E-A82C-20238235B2E1}.Debug|Any CPU.Build.0 = Debug|Any CPU
		{CFF4EBC8-5A3E-4B8E-A82C-20238235B2E1}.Release|Any CPU.ActiveCfg = Release|Any CPU
		{CFF4EBC8-5A3E-4B8E-A82C-20238235B2E1}.Release|Any CPU.Build.0 = Release|Any CPU
		{643B4582-3E88-4297-8BB8-C7BEB6D532D1}.Debug|Any CPU.ActiveCfg = Debug|Any CPU
		{643B4582-3E88-4297-8BB8-C7BEB6D532D1}.Debug|Any CPU.Build.0 = Debug|Any CPU
		{643B4582-3E88-4297-8BB8-C7BEB6D532D1}.Release|Any CPU.ActiveCfg = Release|Any CPU
		{643B4582-3E88-4297-8BB8-C7BEB6D532D1}.Release|Any CPU.Build.0 = Release|Any CPU
		{EDB372D1-B08D-453A-9C77-5E5D02B331C7}.Debug|Any CPU.ActiveCfg = Debug|Any CPU
		{EDB372D1-B08D-453A-9C77-5E5D02B331C7}.Debug|Any CPU.Build.0 = Debug|Any CPU
		{EDB372D1-B08D-453A-9C77-5E5D02B331C7}.Release|Any CPU.ActiveCfg = Release|Any CPU
		{EDB372D1-B08D-453A-9C77-5E5D02B331C7}.Release|Any CPU.Build.0 = Release|Any CPU
	EndGlobalSection
	GlobalSection(NestedProjects) = preSolution
		{FAEAF1BB-1854-4F77-809C-72ACA9F11EC0} = {20B53A5D-B3FA-4B0E-BC82-B73A128F4F16}
		{A7B42D18-0E44-43BB-AF6D-56FD4E6DCA5D} = {E6A5E82F-3ADF-4289-8412-2D091BA5B436}
		{42665DB0-AA24-4198-A6DC-55ED587A5178} = {20B53A5D-B3FA-4B0E-BC82-B73A128F4F16}
		{CFF4EBC8-5A3E-4B8E-A82C-20238235B2E1} = {42665DB0-AA24-4198-A6DC-55ED587A5178}
		{F15E8130-08D1-493A-95E6-70C91CF492AA} = {E6A5E82F-3ADF-4289-8412-2D091BA5B436}
		{643B4582-3E88-4297-8BB8-C7BEB6D532D1} = {F15E8130-08D1-493A-95E6-70C91CF492AA}
		{EDB372D1-B08D-453A-9C77-5E5D02B331C7} = {20B53A5D-B3FA-4B0E-BC82-B73A128F4F16}
	EndGlobalSection
EndGlobal
